
Microsoft Visual Studio Solution File, Format Version 12.00
# Visual Studio Version 16
VisualStudioVersion = 16.0.30804.86
MinimumVisualStudioVersion = 10.0.40219.1
Project("{FAE04EC0-301F-11D3-BF4B-00C04F79EFBC}") = "API de cursos", "API de cursos.csproj", "{32FEBC02-9DE9-43EB-98B8-FA2F2CB10AD1}"
EndProject
Global
	GlobalSection(SolutionConfigurationPlatforms) = preSolution
		Debug|Any CPU = Debug|Any CPU
		Release|Any CPU = Release|Any CPU
	EndGlobalSection
	GlobalSection(ProjectConfigurationPlatforms) = postSolution
		{32FEBC02-9DE9-43EB-98B8-FA2F2CB10AD1}.Debug|Any CPU.ActiveCfg = Debug|Any CPU
		{32FEBC02-9DE9-43EB-98B8-FA2F2CB10AD1}.Debug|Any CPU.Build.0 = Debug|Any CPU
		{32FEBC02-9DE9-43EB-98B8-FA2F2CB10AD1}.Release|Any CPU.ActiveCfg = Release|Any CPU
		{32FEBC02-9DE9-43EB-98B8-FA2F2CB10AD1}.Release|Any CPU.Build.0 = Release|Any CPU
	EndGlobalSection
	GlobalSection(SolutionProperties) = preSolution
		HideSolutionNode = FALSE
	EndGlobalSection
	GlobalSection(ExtensibilityGlobals) = postSolution
		SolutionGuid = {CB2E222A-65B3-4D26-B0AA-59FBFC72357E}
	EndGlobalSection
EndGlobal
